// !$*UTF8*$!
{
	archiveVersion = 1;
	classes = {
	};
	objectVersion = 50;
	objects = {

/* Begin PBXBuildFile section */
		850594682616697500ACBB43 /* AppDelegate.swift in Sources */ = {isa = PBXBuildFile; fileRef = 850594672616697500ACBB43 /* AppDelegate.swift */; };
		8505946A2616697500ACBB43 /* SceneDelegate.swift in Sources */ = {isa = PBXBuildFile; fileRef = 850594692616697500ACBB43 /* SceneDelegate.swift */; };
		8505946C2616697500ACBB43 /* ViewController.swift in Sources */ = {isa = PBXBuildFile; fileRef = 8505946B2616697500ACBB43 /* ViewController.swift */; };
		850594712616697900ACBB43 /* Assets.xcassets in Resources */ = {isa = PBXBuildFile; fileRef = 850594702616697900ACBB43 /* Assets.xcassets */; };
		850594742616697900ACBB43 /* LaunchScreen.storyboard in Resources */ = {isa = PBXBuildFile; fileRef = 850594722616697900ACBB43 /* LaunchScreen.storyboard */; };
		8505947E2616709400ACBB43 /* ViewController+AlertController.swift in Sources */ = {isa = PBXBuildFile; fileRef = 8505947D2616709400ACBB43 /* ViewController+AlertController.swift */; };
		850594822616754000ACBB43 /* sun.png in Resources */ = {isa = PBXBuildFile; fileRef = 850594812616753F00ACBB43 /* sun.png */; };
		8505948A26174DF700ACBB43 /* search.png in Resources */ = {isa = PBXBuildFile; fileRef = 8505948926174DF700ACBB43 /* search.png */; };
		8588307926177C75000AB2F2 /* NetworkWeatherManager.swift in Sources */ = {isa = PBXBuildFile; fileRef = 8588307826177C75000AB2F2 /* NetworkWeatherManager.swift */; };
		8588307C26177D39000AB2F2 /* Constants.swift in Sources */ = {isa = PBXBuildFile; fileRef = 8588307B26177D39000AB2F2 /* Constants.swift */; };
		8588308126178171000AB2F2 /* CurrentWeatherData.swift in Sources */ = {isa = PBXBuildFile; fileRef = 8588308026178171000AB2F2 /* CurrentWeatherData.swift */; };
		85D51A042617844B00DA9E7B /* CurrentWeather.swift in Sources */ = {isa = PBXBuildFile; fileRef = 85D51A032617844B00DA9E7B /* CurrentWeather.swift */; };
/* End PBXBuildFile section */

/* Begin PBXFileReference section */
		850594642616697500ACBB43 /* WeatherApi.app */ = {isa = PBXFileReference; explicitFileType = wrapper.application; includeInIndex = 0; path = WeatherApi.app; sourceTree = BUILT_PRODUCTS_DIR; };
		850594672616697500ACBB43 /* AppDelegate.swift */ = {isa = PBXFileReference; lastKnownFileType = sourcecode.swift; path = AppDelegate.swift; sourceTree = "<group>"; };
		850594692616697500ACBB43 /* SceneDelegate.swift */ = {isa = PBXFileReference; lastKnownFileType = sourcecode.swift; path = SceneDelegate.swift; sourceTree = "<group>"; };
		8505946B2616697500ACBB43 /* ViewController.swift */ = {isa = PBXFileReference; lastKnownFileType = sourcecode.swift; path = ViewController.swift; sourceTree = "<group>"; };
		850594702616697900ACBB43 /* Assets.xcassets */ = {isa = PBXFileReference; lastKnownFileType = folder.assetcatalog; path = Assets.xcassets; sourceTree = "<group>"; };
		850594732616697900ACBB43 /* Base */ = {isa = PBXFileReference; lastKnownFileType = file.storyboard; name = Base; path = Base.lproj/LaunchScreen.storyboard; sourceTree = "<group>"; };
		850594752616697900ACBB43 /* Info.plist */ = {isa = PBXFileReference; lastKnownFileType = text.plist.xml; path = Info.plist; sourceTree = "<group>"; };
		8505947D2616709400ACBB43 /* ViewController+AlertController.swift */ = {isa = PBXFileReference; lastKnownFileType = sourcecode.swift; path = "ViewController+AlertController.swift"; sourceTree = "<group>"; };
		850594812616753F00ACBB43 /* sun.png */ = {isa = PBXFileReference; lastKnownFileType = image.png; path = sun.png; sourceTree = "<group>"; };
		8505948926174DF700ACBB43 /* search.png */ = {isa = PBXFileReference; lastKnownFileType = image.png; path = search.png; sourceTree = "<group>"; };
		8588307826177C75000AB2F2 /* NetworkWeatherManager.swift */ = {isa = PBXFileReference; lastKnownFileType = sourcecode.swift; path = NetworkWeatherManager.swift; sourceTree = "<group>"; };
		8588307B26177D39000AB2F2 /* Constants.swift */ = {isa = PBXFileReference; lastKnownFileType = sourcecode.swift; path = Constants.swift; sourceTree = "<group>"; };
		8588308026178171000AB2F2 /* CurrentWeatherData.swift */ = {isa = PBXFileReference; lastKnownFileType = sourcecode.swift; path = CurrentWeatherData.swift; sourceTree = "<group>"; };
		85D51A032617844B00DA9E7B /* CurrentWeather.swift */ = {isa = PBXFileReference; lastKnownFileType = sourcecode.swift; path = CurrentWeather.swift; sourceTree = "<group>"; };
/* End PBXFileReference section */

/* Begin PBXFrameworksBuildPhase section */
		850594612616697500ACBB43 /* Frameworks */ = {
			isa = PBXFrameworksBuildPhase;
			buildActionMask = 2147483647;
			files = (
			);
			runOnlyForDeploymentPostprocessing = 0;
		};
/* End PBXFrameworksBuildPhase section */

/* Begin PBXGroup section */
		8505945B2616697500ACBB43 = {
			isa = PBXGroup;
			children = (
				850594662616697500ACBB43 /* WeatherApi */,
				850594652616697500ACBB43 /* Products */,
			);
			sourceTree = "<group>";
		};
		850594652616697500ACBB43 /* Products */ = {
			isa = PBXGroup;
			children = (
				850594642616697500ACBB43 /* WeatherApi.app */,
			);
			name = Products;
			sourceTree = "<group>";
		};
		850594662616697500ACBB43 /* WeatherApi */ = {
			isa = PBXGroup;
			children = (
				8505948E2617503A00ACBB43 /* Extension */,
				850594912617506900ACBB43 /* Model */,
				8505948F2617504900ACBB43 /* View */,
				850594902617504D00ACBB43 /* Controllers */,
				8505948C2617500C00ACBB43 /* SupportingFiles */,
			);
			path = WeatherApi;
			sourceTree = "<group>";
		};
		8505948C2617500C00ACBB43 /* SupportingFiles */ = {
			isa = PBXGroup;
			children = (
				8588307B26177D39000AB2F2 /* Constants.swift */,
				850594672616697500ACBB43 /* AppDelegate.swift */,
				850594692616697500ACBB43 /* SceneDelegate.swift */,
				850594702616697900ACBB43 /* Assets.xcassets */,
				850594722616697900ACBB43 /* LaunchScreen.storyboard */,
				850594752616697900ACBB43 /* Info.plist */,
				8505948D2617501F00ACBB43 /* Resource */,
			);
			path = SupportingFiles;
			sourceTree = "<group>";
		};
		8505948D2617501F00ACBB43 /* Resource */ = {
			isa = PBXGroup;
			children = (
				8505948926174DF700ACBB43 /* search.png */,
				850594812616753F00ACBB43 /* sun.png */,
			);
			name = Resource;
			path = ..;
			sourceTree = "<group>";
		};
		8505948E2617503A00ACBB43 /* Extension */ = {
			isa = PBXGroup;
			children = (
				8505947D2616709400ACBB43 /* ViewController+AlertController.swift */,
			);
			path = Extension;
			sourceTree = "<group>";
		};
		8505948F2617504900ACBB43 /* View */ = {
			isa = PBXGroup;
			children = (
				8505946B2616697500ACBB43 /* ViewController.swift */,
			);
			path = View;
			sourceTree = "<group>";
		};
		850594902617504D00ACBB43 /* Controllers */ = {
			isa = PBXGroup;
			children = (
			);
			path = Controllers;
			sourceTree = "<group>";
		};
		850594912617506900ACBB43 /* Model */ = {
			isa = PBXGroup;
			children = (
				8588307826177C75000AB2F2 /* NetworkWeatherManager.swift */,
				8588308026178171000AB2F2 /* CurrentWeatherData.swift */,
				85D51A032617844B00DA9E7B /* CurrentWeather.swift */,
			);
			path = Model;
			sourceTree = "<group>";
		};
/* End PBXGroup section */

/* Begin PBXNativeTarget section */
		850594632616697500ACBB43 /* WeatherApi */ = {
			isa = PBXNativeTarget;
			buildConfigurationList = 850594782616697900ACBB43 /* Build configuration list for PBXNativeTarget "WeatherApi" */;
			buildPhases = (
				850594602616697500ACBB43 /* Sources */,
				850594612616697500ACBB43 /* Frameworks */,
				850594622616697500ACBB43 /* Resources */,
			);
			buildRules = (
			);
			dependencies = (
			);
			name = WeatherApi;
			productName = WeatherApi;
			productReference = 850594642616697500ACBB43 /* WeatherApi.app */;
			productType = "com.apple.product-type.application";
		};
/* End PBXNativeTarget section */

/* Begin PBXProject section */
		8505945C2616697500ACBB43 /* Project object */ = {
			isa = PBXProject;
			attributes = {
				LastSwiftUpdateCheck = 1240;
				LastUpgradeCheck = 1240;
				TargetAttributes = {
					850594632616697500ACBB43 = {
						CreatedOnToolsVersion = 12.4;
					};
				};
			};
			buildConfigurationList = 8505945F2616697500ACBB43 /* Build configuration list for PBXProject "WeatherApi" */;
			compatibilityVersion = "Xcode 9.3";
			developmentRegion = en;
			hasScannedForEncodings = 0;
			knownRegions = (
				en,
				Base,
			);
			mainGroup = 8505945B2616697500ACBB43;
			productRefGroup = 850594652616697500ACBB43 /* Products */;
			projectDirPath = "";
			projectRoot = "";
			targets = (
				850594632616697500ACBB43 /* WeatherApi */,
			);
		};
/* End PBXProject section */

/* Begin PBXResourcesBuildPhase section */
		850594622616697500ACBB43 /* Resources */ = {
			isa = PBXResourcesBuildPhase;
			buildActionMask = 2147483647;
			files = (
				850594822616754000ACBB43 /* sun.png in Resources */,
				850594742616697900ACBB43 /* LaunchScreen.storyboard in Resources */,
				850594712616697900ACBB43 /* Assets.xcassets in Resources */,
				8505948A26174DF700ACBB43 /* search.png in Resources */,
			);
			runOnlyForDeploymentPostprocessing = 0;
		};
/* End PBXResourcesBuildPhase section */

/* Begin PBXSourcesBuildPhase section */
		850594602616697500ACBB43 /* Sources */ = {
			isa = PBXSourcesBuildPhase;
			buildActionMask = 2147483647;
			files = (
				8505946C2616697500ACBB43 /* ViewController.swift in Sources */,
				8505947E2616709400ACBB43 /* ViewController+AlertController.swift in Sources */,
				85D51A042617844B00DA9E7B /* CurrentWeather.swift in Sources */,
				8588307926177C75000AB2F2 /* NetworkWeatherManager.swift in Sources */,
				8588308126178171000AB2F2 /* CurrentWeatherData.swift in Sources */,
				850594682616697500ACBB43 /* AppDelegate.swift in Sources */,
				8505946A2616697500ACBB43 /* SceneDelegate.swift in Sources */,
				8588307C26177D39000AB2F2 /* Constants.swift in Sources */,
			);
			runOnlyForDeploymentPostprocessing = 0;
		};
/* End PBXSourcesBuildPhase section */

/* Begin PBXVariantGroup section */
		850594722616697900ACBB43 /* LaunchScreen.storyboard */ = {
			isa = PBXVariantGroup;
			children = (
				850594732616697900ACBB43 /* Base */,
			);
			name = LaunchScreen.storyboard;
			sourceTree = "<group>";
		};
/* End PBXVariantGroup section */

/* Begin XCBuildConfiguration section */
		850594762616697900ACBB43 /* Debug */ = {
			isa = XCBuildConfiguration;
			buildSettings = {
				ALWAYS_SEARCH_USER_PATHS = NO;
				CLANG_ANALYZER_NONNULL = YES;
				CLANG_ANALYZER_NUMBER_OBJECT_CONVERSION = YES_AGGRESSIVE;
				CLANG_CXX_LANGUAGE_STANDARD = "gnu++14";
				CLANG_CXX_LIBRARY = "libc++";
				CLANG_ENABLE_MODULES = YES;
				CLANG_ENABLE_OBJC_ARC = YES;
				CLANG_ENABLE_OBJC_WEAK = YES;
				CLANG_WARN_BLOCK_CAPTURE_AUTORELEASING = YES;
				CLANG_WARN_BOOL_CONVERSION = YES;
				CLANG_WARN_COMMA = YES;
				CLANG_WARN_CONSTANT_CONVERSION = YES;
				CLANG_WARN_DEPRECATED_OBJC_IMPLEMENTATIONS = YES;
				CLANG_WARN_DIRECT_OBJC_ISA_USAGE = YES_ERROR;
				CLANG_WARN_DOCUMENTATION_COMMENTS = YES;
				CLANG_WARN_EMPTY_BODY = YES;
				CLANG_WARN_ENUM_CONVERSION = YES;
				CLANG_WARN_INFINITE_RECURSION = YES;
				CLANG_WARN_INT_CONVERSION = YES;
				CLANG_WARN_NON_LITERAL_NULL_CONVERSION = YES;
				CLANG_WARN_OBJC_IMPLICIT_RETAIN_SELF = YES;
				CLANG_WARN_OBJC_LITERAL_CONVERSION = YES;
				CLANG_WARN_OBJC_ROOT_CLASS = YES_ERROR;
				CLANG_WARN_QUOTED_INCLUDE_IN_FRAMEWORK_HEADER = YES;
				CLANG_WARN_RANGE_LOOP_ANALYSIS = YES;
				CLANG_WARN_STRICT_PROTOTYPES = YES;
				CLANG_WARN_SUSPICIOUS_MOVE = YES;
				CLANG_WARN_UNGUARDED_AVAILABILITY = YES_AGGRESSIVE;
				CLANG_WARN_UNREACHABLE_CODE = YES;
				CLANG_WARN__DUPLICATE_METHOD_MATCH = YES;
				COPY_PHASE_STRIP = NO;
				DEBUG_INFORMATION_FORMAT = dwarf;
				ENABLE_STRICT_OBJC_MSGSEND = YES;
				ENABLE_TESTABILITY = YES;
				GCC_C_LANGUAGE_STANDARD = gnu11;
				GCC_DYNAMIC_NO_PIC = NO;
				GCC_NO_COMMON_BLOCKS = YES;
				GCC_OPTIMIZATION_LEVEL = 0;
				GCC_PREPROCESSOR_DEFINITIONS = (
					"DEBUG=1",
					"$(inherited)",
				);
				GCC_WARN_64_TO_32_BIT_CONVERSION = YES;
				GCC_WARN_ABOUT_RETURN_TYPE = YES_ERROR;
				GCC_WARN_UNDECLARED_SELECTOR = YES;
				GCC_WARN_UNINITIALIZED_AUTOS = YES_AGGRESSIVE;
				GCC_WARN_UNUSED_FUNCTION = YES;
				GCC_WARN_UNUSED_VARIABLE = YES;
				IPHONEOS_DEPLOYMENT_TARGET = 14.4;
				MTL_ENABLE_DEBUG_INFO = INCLUDE_SOURCE;
				MTL_FAST_MATH = YES;
				ONLY_ACTIVE_ARCH = YES;
				SDKROOT = iphoneos;
				SWIFT_ACTIVE_COMPILATION_CONDITIONS = DEBUG;
				SWIFT_OPTIMIZATION_LEVEL = "-Onone";
			};
			name = Debug;
		};
		850594772616697900ACBB43 /* Release */ = {
			isa = XCBuildConfiguration;
			buildSettings = {
				ALWAYS_SEARCH_USER_PATHS = NO;
				CLANG_ANALYZER_NONNULL = YES;
				CLANG_ANALYZER_NUMBER_OBJECT_CONVERSION = YES_AGGRESSIVE;
				CLANG_CXX_LANGUAGE_STANDARD = "gnu++14";
				CLANG_CXX_LIBRARY = "libc++";
				CLANG_ENABLE_MODULES = YES;
				CLANG_ENABLE_OBJC_ARC = YES;
				CLANG_ENABLE_OBJC_WEAK = YES;
				CLANG_WARN_BLOCK_CAPTURE_AUTORELEASING = YES;
				CLANG_WARN_BOOL_CONVERSION = YES;
				CLANG_WARN_COMMA = YES;
				CLANG_WARN_CONSTANT_CONVERSION = YES;
				CLANG_WARN_DEPRECATED_OBJC_IMPLEMENTATIONS = YES;
				CLANG_WARN_DIRECT_OBJC_ISA_USAGE = YES_ERROR;
				CLANG_WARN_DOCUMENTATION_COMMENTS = YES;
				CLANG_WARN_EMPTY_BODY = YES;
				CLANG_WARN_ENUM_CONVERSION = YES;
				CLANG_WARN_INFINITE_RECURSION = YES;
				CLANG_WARN_INT_CONVERSION = YES;
				CLANG_WARN_NON_LITERAL_NULL_CONVERSION = YES;
				CLANG_WARN_OBJC_IMPLICIT_RETAIN_SELF = YES;
				CLANG_WARN_OBJC_LITERAL_CONVERSION = YES;
				CLANG_WARN_OBJC_ROOT_CLASS = YES_ERROR;
				CLANG_WARN_QUOTED_INCLUDE_IN_FRAMEWORK_HEADER = YES;
				CLANG_WARN_RANGE_LOOP_ANALYSIS = YES;
				CLANG_WARN_STRICT_PROTOTYPES = YES;
				CLANG_WARN_SUSPICIOUS_MOVE = YES;
				CLANG_WARN_UNGUARDED_AVAILABILITY = YES_AGGRESSIVE;
				CLANG_WARN_UNREACHABLE_CODE = YES;
				CLANG_WARN__DUPLICATE_METHOD_MATCH = YES;
				COPY_PHASE_STRIP = NO;
				DEBUG_INFORMATION_FORMAT = "dwarf-with-dsym";
				ENABLE_NS_ASSERTIONS = NO;
				ENABLE_STRICT_OBJC_MSGSEND = YES;
				GCC_C_LANGUAGE_STANDARD = gnu11;
				GCC_NO_COMMON_BLOCKS = YES;
				GCC_WARN_64_TO_32_BIT_CONVERSION = YES;
				GCC_WARN_ABOUT_RETURN_TYPE = YES_ERROR;
				GCC_WARN_UNDECLARED_SELECTOR = YES;
				GCC_WARN_UNINITIALIZED_AUTOS = YES_AGGRESSIVE;
				GCC_WARN_UNUSED_FUNCTION = YES;
				GCC_WARN_UNUSED_VARIABLE = YES;
				IPHONEOS_DEPLOYMENT_TARGET = 14.4;
				MTL_ENABLE_DEBUG_INFO = NO;
				MTL_FAST_MATH = YES;
				SDKROOT = iphoneos;
				SWIFT_COMPILATION_MODE = wholemodule;
				SWIFT_OPTIMIZATION_LEVEL = "-O";
				VALIDATE_PRODUCT = YES;
			};
			name = Release;
		};
		850594792616697900ACBB43 /* Debug */ = {
			isa = XCBuildConfiguration;
			buildSettings = {
				ASSETCATALOG_COMPILER_APPICON_NAME = AppIcon;
				ASSETCATALOG_COMPILER_GLOBAL_ACCENT_COLOR_NAME = AccentColor;
				CODE_SIGN_STYLE = Automatic;
				DEVELOPMENT_TEAM = CPF5464MWY;
				INFOPLIST_FILE = "$(SRCROOT)/WeatherApi/SupportingFiles/Info.plist";
				LD_RUNPATH_SEARCH_PATHS = (
					"$(inherited)",
					"@executable_path/Frameworks",
				);
				PRODUCT_BUNDLE_IDENTIFIER = StudingProject.WeatherApi;
				PRODUCT_NAME = "$(TARGET_NAME)";
				SWIFT_VERSION = 5.0;
				TARGETED_DEVICE_FAMILY = "1,2";
			};
			name = Debug;
		};
		8505947A2616697900ACBB43 /* Release */ = {
			isa = XCBuildConfiguration;
			buildSettings = {
				ASSETCATALOG_COMPILER_APPICON_NAME = AppIcon;
				ASSETCATALOG_COMPILER_GLOBAL_ACCENT_COLOR_NAME = AccentColor;
				CODE_SIGN_STYLE = Automatic;
				DEVELOPMENT_TEAM = CPF5464MWY;
				INFOPLIST_FILE = "$(SRCROOT)/WeatherApi/SupportingFiles/Info.plist";
				LD_RUNPATH_SEARCH_PATHS = (
					"$(inherited)",
					"@executable_path/Frameworks",
				);
				PRODUCT_BUNDLE_IDENTIFIER = StudingProject.WeatherApi;
				PRODUCT_NAME = "$(TARGET_NAME)";
				SWIFT_VERSION = 5.0;
				TARGETED_DEVICE_FAMILY = "1,2";
			};
			name = Release;
		};
/* End XCBuildConfiguration section */

/* Begin XCConfigurationList section */
		8505945F2616697500ACBB43 /* Build configuration list for PBXProject "WeatherApi" */ = {
			isa = XCConfigurationList;
			buildConfigurations = (
				850594762616697900ACBB43 /* Debug */,
				850594772616697900ACBB43 /* Release */,
			);
			defaultConfigurationIsVisible = 0;
			defaultConfigurationName = Release;
		};
		850594782616697900ACBB43 /* Build configuration list for PBXNativeTarget "WeatherApi" */ = {
			isa = XCConfigurationList;
			buildConfigurations = (
				850594792616697900ACBB43 /* Debug */,
				8505947A2616697900ACBB43 /* Release */,
			);
			defaultConfigurationIsVisible = 0;
			defaultConfigurationName = Release;
		};
/* End XCConfigurationList section */
	};
	rootObject = 8505945C2616697500ACBB43 /* Project object */;
}
